# THIS IS AN AUTOGENERATED FILE. DO NOT EDIT THIS FILE DIRECTLY.
# yarn lockfile v1


animate.css@^3.6.1:
  version "3.6.1"
  resolved "https://registry.yarnpkg.com/animate.css/-/animate.css-3.6.1.tgz#4ea8a48556378bc8d7535224296c4c0dac9229de"

turbolinks@^5.0.3:
  version "5.0.3"
  resolved "https://registry.yarnpkg.com/turbolinks/-/turbolinks-5.0.3.tgz#c8ce128cfc9be1d691a1e41ffa858a5a5ee86a02"
