# THIS IS AN AUTOGENERATED FILE. DO NOT EDIT THIS FILE DIRECTLY.
# yarn lockfile v1


animate.css@^3.7.0:
  version "3.7.0"
  resolved "https://registry.yarnpkg.com/animate.css/-/animate.css-3.7.0.tgz#5de25d1ee5fba11ba6a1e2c4fa568f512eb7d4da"

turbolinks@^5.1.1:
  version "5.1.1"
  resolved "https://registry.yarnpkg.com/turbolinks/-/turbolinks-5.1.1.tgz#3d418a2d8172edbde5e787bf74cb7bef151ae43f"
